<?xml version="1.0" encoding="utf-8"?>
<Project ToolsVersion="4.0" xmlns="http://schemas.microsoft.com/developer/msbuild/2003">
  <ItemGroup>
    <Filter Include="源文件">
      <UniqueIdentifier>{4FC737F1-C7A5-4376-A066-2A32D752A2FF}</UniqueIdentifier>
      <Extensions>cpp;c;cc;cxx;def;odl;idl;hpj;bat;asm;asmx</Extensions>
    </Filter>
    <Filter Include="头文件">
      <UniqueIdentifier>{93995380-89BD-4b04-88EB-625FBE52EBFB}</UniqueIdentifier>
      <Extensions>h;hh;hpp;hxx;hm;inl;inc;ipp;xsd</Extensions>
    </Filter>
    <Filter Include="资源文件">
      <UniqueIdentifier>{67DA6AB6-F800-4c08-8B7A-83BB121AAD01}</UniqueIdentifier>
      <Extensions>rc;ico;cur;bmp;dlg;rc2;rct;bin;rgs;gif;jpg;jpeg;jpe;resx;tiff;tif;png;wav;mfcribbon-ms</Extensions>
    </Filter>
    <Filter Include="BasicDataStream">
      <UniqueIdentifier>{5f203512-e705-489b-8a67-9e7c3bd8bd8b}</UniqueIdentifier>
    </Filter>
    <Filter Include="Factory">
      <UniqueIdentifier>{e7668934-e952-456d-826d-3e8e2bf3bc8f}</UniqueIdentifier>
    </Filter>
  </ItemGroup>
  <ItemGroup>
    <ClInclude Include="Source\BasicDataStream\inc\ringbuffer.h">
      <Filter>BasicDataStream</Filter>
    </ClInclude>
    <ClInclude Include="Source\Factory\basic_header.h">
      <Filter>Factory</Filter>
    </ClInclude>
    <ClInclude Include="Source\Factory\basic_macro.h">
      <Filter>Factory</Filter>
    </ClInclude>
    <ClInclude Include="Source\Factory\basic_type.h">
      <Filter>Factory</Filter>
    </ClInclude>
    <ClInclude Include="Source\Factory\inc\basic_function.h">
      <Filter>Factory</Filter>
    </ClInclude>
    <ClInclude Include="Source\test_code\test_main.h">
      <Filter>源文件</Filter>
    </ClInclude>
    <ClInclude Include="Source\BasicDataStream\inc\packeg_taken.h">
      <Filter>BasicDataStream</Filter>
    </ClInclude>
    <ClInclude Include="Source\Factory\inc\basic_crc32.h">
      <Filter>Factory</Filter>
    </ClInclude>
    <ClInclude Include="Source\BasicDataStream\inc\sdata_trans.h">
      <Filter>BasicDataStream</Filter>
    </ClInclude>
  </ItemGroup>
  <ItemGroup>
    <ClCompile Include="Source\BasicDataStream\src\ringbuffer.c">
      <Filter>BasicDataStream</Filter>
    </ClCompile>
    <ClCompile Include="Source\Factory\src\basic_function.c">
      <Filter>Factory</Filter>
    </ClCompile>
    <ClCompile Include="Source\test_code\ringbuffer_test.c">
      <Filter>源文件</Filter>
    </ClCompile>
    <ClCompile Include="Source\test_code\test_main.c">
      <Filter>源文件</Filter>
    </ClCompile>
    <ClCompile Include="Source\BasicDataStream\src\packeg_taken.c">
      <Filter>BasicDataStream</Filter>
    </ClCompile>
    <ClCompile Include="Source\Factory\src\basic_crc32.c">
      <Filter>Factory</Filter>
    </ClCompile>
    <ClCompile Include="Source\test_code\basic_crc32_test.c">
      <Filter>源文件</Filter>
    </ClCompile>
    <ClCompile Include="Source\test_code\packeg_taken_test.c">
      <Filter>源文件</Filter>
    </ClCompile>
    <ClCompile Include="Source\BasicDataStream\src\sdata_trans.c">
      <Filter>BasicDataStream</Filter>
    </ClCompile>
  </ItemGroup>
</Project>